
Microsoft Visual Studio Solution File, Format Version 12.00
# Visual Studio Version 16
VisualStudioVersion = 16.0.29728.190
MinimumVisualStudioVersion = 10.0.40219.1
Project("{FAE04EC0-301F-11D3-BF4B-00C04F79EFBC}") = "ACM.BL", "ACM.BL.csproj", "{5FB56A3D-CD7F-4A06-90C9-3EF40B336A9B}"
EndProject
Project("{2150E333-8FDC-42A3-9474-1A3956D46DE8}") = "Tests", "Tests", "{82299DFB-9CD6-4D97-B6A9-849C8C6101CC}"
EndProject
Project("{FAE04EC0-301F-11D3-BF4B-00C04F79EFBC}") = "ACM.BLTest", "..\Tests\ACM.BLTest\ACM.BLTest.csproj", "{E7B47870-3BDA-43CF-AFE7-51874DE92102}"
EndProject
Project("{FAE04EC0-301F-11D3-BF4B-00C04F79EFBC}") = "Acme.Common", "..\Acme.Common\Acme.Common.csproj", "{E079C403-EE55-4034-B62A-111F434080BF}"
EndProject
Project("{FAE04EC0-301F-11D3-BF4B-00C04F79EFBC}") = "Acme.CommonTest", "..\Tests\Acme.CommonTest\Acme.CommonTest.csproj", "{9654D4DE-9EC4-43DD-9136-1DC579A12853}"
EndProject
Global
	GlobalSection(SolutionConfigurationPlatforms) = preSolution
		Debug|Any CPU = Debug|Any CPU
		Release|Any CPU = Release|Any CPU
	EndGlobalSection
	GlobalSection(ProjectConfigurationPlatforms) = postSolution
		{5FB56A3D-CD7F-4A06-90C9-3EF40B336A9B}.Debug|Any CPU.ActiveCfg = Debug|Any CPU
		{5FB56A3D-CD7F-4A06-90C9-3EF40B336A9B}.Debug|Any CPU.Build.0 = Debug|Any CPU
		{5FB56A3D-CD7F-4A06-90C9-3EF40B336A9B}.Release|Any CPU.ActiveCfg = Release|Any CPU
		{5FB56A3D-CD7F-4A06-90C9-3EF40B336A9B}.Release|Any CPU.Build.0 = Release|Any CPU
		{E7B47870-3BDA-43CF-AFE7-51874DE92102}.Debug|Any CPU.ActiveCfg = Debug|Any CPU
		{E7B47870-3BDA-43CF-AFE7-51874DE92102}.Debug|Any CPU.Build.0 = Debug|Any CPU
		{E7B47870-3BDA-43CF-AFE7-51874DE92102}.Release|Any CPU.ActiveCfg = Release|Any CPU
		{E7B47870-3BDA-43CF-AFE7-51874DE92102}.Release|Any CPU.Build.0 = Release|Any CPU
		{E079C403-EE55-4034-B62A-111F434080BF}.Debug|Any CPU.ActiveCfg = Debug|Any CPU
		{E079C403-EE55-4034-B62A-111F434080BF}.Debug|Any CPU.Build.0 = Debug|Any CPU
		{E079C403-EE55-4034-B62A-111F434080BF}.Release|Any CPU.ActiveCfg = Release|Any CPU
		{E079C403-EE55-4034-B62A-111F434080BF}.Release|Any CPU.Build.0 = Release|Any CPU
		{9654D4DE-9EC4-43DD-9136-1DC579A12853}.Debug|Any CPU.ActiveCfg = Debug|Any CPU
		{9654D4DE-9EC4-43DD-9136-1DC579A12853}.Debug|Any CPU.Build.0 = Debug|Any CPU
		{9654D4DE-9EC4-43DD-9136-1DC579A12853}.Release|Any CPU.ActiveCfg = Release|Any CPU
		{9654D4DE-9EC4-43DD-9136-1DC579A12853}.Release|Any CPU.Build.0 = Release|Any CPU
	EndGlobalSection
	GlobalSection(SolutionProperties) = preSolution
		HideSolutionNode = FALSE
	EndGlobalSection
	GlobalSection(NestedProjects) = preSolution
		{E7B47870-3BDA-43CF-AFE7-51874DE92102} = {82299DFB-9CD6-4D97-B6A9-849C8C6101CC}
		{9654D4DE-9EC4-43DD-9136-1DC579A12853} = {82299DFB-9CD6-4D97-B6A9-849C8C6101CC}
	EndGlobalSection
	GlobalSection(ExtensibilityGlobals) = postSolution
		SolutionGuid = {C312041C-4767-49AA-A93B-1813E5152514}
	EndGlobalSection
EndGlobal
